// !$*UTF8*$!
{
	archiveVersion = 1;
	classes = {
	};
	objectVersion = 46;
	objects = {

/* Begin PBXBuildFile section */
		3546539E1C4EFF780049973F /* AppDelegate.swift in Sources */ = {isa = PBXBuildFile; fileRef = 3546539D1C4EFF780049973F /* AppDelegate.swift */; };
		354653A01C4EFF780049973F /* ViewController.swift in Sources */ = {isa = PBXBuildFile; fileRef = 3546539F1C4EFF780049973F /* ViewController.swift */; };
		354653A31C4EFF780049973F /* Main.storyboard in Resources */ = {isa = PBXBuildFile; fileRef = 354653A11C4EFF780049973F /* Main.storyboard */; };
		354653A51C4EFF780049973F /* Assets.xcassets in Resources */ = {isa = PBXBuildFile; fileRef = 354653A41C4EFF780049973F /* Assets.xcassets */; };
		354653A81C4EFF780049973F /* LaunchScreen.storyboard in Resources */ = {isa = PBXBuildFile; fileRef = 354653A61C4EFF780049973F /* LaunchScreen.storyboard */; };
		354653B31C4EFF780049973F /* calculatorTests.swift in Sources */ = {isa = PBXBuildFile; fileRef = 354653B21C4EFF780049973F /* calculatorTests.swift */; };
		354653BE1C4EFF780049973F /* calculatorUITests.swift in Sources */ = {isa = PBXBuildFile; fileRef = 354653BD1C4EFF780049973F /* calculatorUITests.swift */; };
/* End PBXBuildFile section */

/* Begin PBXContainerItemProxy section */
		354653AF1C4EFF780049973F /* PBXContainerItemProxy */ = {
			isa = PBXContainerItemProxy;
			containerPortal = 354653921C4EFF780049973F /* Project object */;
			proxyType = 1;
			remoteGlobalIDString = 354653991C4EFF780049973F;
			remoteInfo = calculator;
		};
		354653BA1C4EFF780049973F /* PBXContainerItemProxy */ = {
			isa = PBXContainerItemProxy;
			containerPortal = 354653921C4EFF780049973F /* Project object */;
			proxyType = 1;
			remoteGlobalIDString = 354653991C4EFF780049973F;
			remoteInfo = calculator;
		};
/* End PBXContainerItemProxy section */

/* Begin PBXFileReference section */
		3546539A1C4EFF780049973F /* calculator.app */ = {isa = PBXFileReference; explicitFileType = wrapper.application; includeInIndex = 0; path = calculator.app; sourceTree = BUILT_PRODUCTS_DIR; };
		3546539D1C4EFF780049973F /* AppDelegate.swift */ = {isa = PBXFileReference; lastKnownFileType = sourcecode.swift; path = AppDelegate.swift; sourceTree = "<group>"; };
		3546539F1C4EFF780049973F /* ViewController.swift */ = {isa = PBXFileReference; lastKnownFileType = sourcecode.swift; path = ViewController.swift; sourceTree = "<group>"; };
		354653A21C4EFF780049973F /* Base */ = {isa = PBXFileReference; lastKnownFileType = file.storyboard; name = Base; path = Base.lproj/Main.storyboard; sourceTree = "<group>"; };
		354653A41C4EFF780049973F /* Assets.xcassets */ = {isa = PBXFileReference; lastKnownFileType = folder.assetcatalog; path = Assets.xcassets; sourceTree = "<group>"; };
		354653A71C4EFF780049973F /* Base */ = {isa = PBXFileReference; lastKnownFileType = file.storyboard; name = Base; path = Base.lproj/LaunchScreen.storyboard; sourceTree = "<group>"; };
		354653A91C4EFF780049973F /* Info.plist */ = {isa = PBXFileReference; lastKnownFileType = text.plist.xml; path = Info.plist; sourceTree = "<group>"; };
		354653AE1C4EFF780049973F /* calculatorTests.xctest */ = {isa = PBXFileReference; explicitFileType = wrapper.cfbundle; includeInIndex = 0; path = calculatorTests.xctest; sourceTree = BUILT_PRODUCTS_DIR; };
		354653B21C4EFF780049973F /* calculatorTests.swift */ = {isa = PBXFileReference; lastKnownFileType = sourcecode.swift; path = calculatorTests.swift; sourceTree = "<group>"; };
		354653B41C4EFF780049973F /* Info.plist */ = {isa = PBXFileReference; lastKnownFileType = text.plist.xml; path = Info.plist; sourceTree = "<group>"; };
		354653B91C4EFF780049973F /* calculatorUITests.xctest */ = {isa = PBXFileReference; explicitFileType = wrapper.cfbundle; includeInIndex = 0; path = calculatorUITests.xctest; sourceTree = BUILT_PRODUCTS_DIR; };
		354653BD1C4EFF780049973F /* calculatorUITests.swift */ = {isa = PBXFileReference; lastKnownFileType = sourcecode.swift; path = calculatorUITests.swift; sourceTree = "<group>"; };
		354653BF1C4EFF780049973F /* Info.plist */ = {isa = PBXFileReference; lastKnownFileType = text.plist.xml; path = Info.plist; sourceTree = "<group>"; };
/* End PBXFileReference section */

/* Begin PBXFrameworksBuildPhase section */
		354653971C4EFF780049973F /* Frameworks */ = {
			isa = PBXFrameworksBuildPhase;
			buildActionMask = 2147483647;
			files = (
			);
			runOnlyForDeploymentPostprocessing = 0;
		};
		354653AB1C4EFF780049973F /* Frameworks */ = {
			isa = PBXFrameworksBuildPhase;
			buildActionMask = 2147483647;
			files = (
			);
			runOnlyForDeploymentPostprocessing = 0;
		};
		354653B61C4EFF780049973F /* Frameworks */ = {
			isa = PBXFrameworksBuildPhase;
			buildActionMask = 2147483647;
			files = (
			);
			runOnlyForDeploymentPostprocessing = 0;
		};
/* End PBXFrameworksBuildPhase section */

/* Begin PBXGroup section */
		354653911C4EFF780049973F = {
			isa = PBXGroup;
			children = (
				3546539C1C4EFF780049973F /* calculator */,
				354653B11C4EFF780049973F /* calculatorTests */,
				354653BC1C4EFF780049973F /* calculatorUITests */,
				3546539B1C4EFF780049973F /* Products */,
			);
			sourceTree = "<group>";
		};
		3546539B1C4EFF780049973F /* Products */ = {
			isa = PBXGroup;
			children = (
				3546539A1C4EFF780049973F /* calculator.app */,
				354653AE1C4EFF780049973F /* calculatorTests.xctest */,
				354653B91C4EFF780049973F /* calculatorUITests.xctest */,
			);
			name = Products;
			sourceTree = "<group>";
		};
		3546539C1C4EFF780049973F /* calculator */ = {
			isa = PBXGroup;
			children = (
				3546539D1C4EFF780049973F /* AppDelegate.swift */,
				3546539F1C4EFF780049973F /* ViewController.swift */,
				354653A11C4EFF780049973F /* Main.storyboard */,
				354653A41C4EFF780049973F /* Assets.xcassets */,
				354653A61C4EFF780049973F /* LaunchScreen.storyboard */,
				354653A91C4EFF780049973F /* Info.plist */,
			);
			path = calculator;
			sourceTree = "<group>";
		};
		354653B11C4EFF780049973F /* calculatorTests */ = {
			isa = PBXGroup;
			children = (
				354653B21C4EFF780049973F /* calculatorTests.swift */,
				354653B41C4EFF780049973F /* Info.plist */,
			);
			path = calculatorTests;
			sourceTree = "<group>";
		};
		354653BC1C4EFF780049973F /* calculatorUITests */ = {
			isa = PBXGroup;
			children = (
				354653BD1C4EFF780049973F /* calculatorUITests.swift */,
				354653BF1C4EFF780049973F /* Info.plist */,
			);
			path = calculatorUITests;
			sourceTree = "<group>";
		};
/* End PBXGroup section */

/* Begin PBXNativeTarget section */
		354653991C4EFF780049973F /* calculator */ = {
			isa = PBXNativeTarget;
			buildConfigurationList = 354653C21C4EFF780049973F /* Build configuration list for PBXNativeTarget "calculator" */;
			buildPhases = (
				354653961C4EFF780049973F /* Sources */,
				354653971C4EFF780049973F /* Frameworks */,
				354653981C4EFF780049973F /* Resources */,
			);
			buildRules = (
			);
			dependencies = (
			);
			name = calculator;
			productName = calculator;
			productReference = 3546539A1C4EFF780049973F /* calculator.app */;
			productType = "com.apple.product-type.application";
		};
		354653AD1C4EFF780049973F /* calculatorTests */ = {
			isa = PBXNativeTarget;
			buildConfigurationList = 354653C51C4EFF780049973F /* Build configuration list for PBXNativeTarget "calculatorTests" */;
			buildPhases = (
				354653AA1C4EFF780049973F /* Sources */,
				354653AB1C4EFF780049973F /* Frameworks */,
				354653AC1C4EFF780049973F /* Resources */,
			);
			buildRules = (
			);
			dependencies = (
				354653B01C4EFF780049973F /* PBXTargetDependency */,
			);
			name = calculatorTests;
			productName = calculatorTests;
			productReference = 354653AE1C4EFF780049973F /* calculatorTests.xctest */;
			productType = "com.apple.product-type.bundle.unit-test";
		};
		354653B81C4EFF780049973F /* calculatorUITests */ = {
			isa = PBXNativeTarget;
			buildConfigurationList = 354653C81C4EFF780049973F /* Build configuration list for PBXNativeTarget "calculatorUITests" */;
			buildPhases = (
				354653B51C4EFF780049973F /* Sources */,
				354653B61C4EFF780049973F /* Frameworks */,
				354653B71C4EFF780049973F /* Resources */,
			);
			buildRules = (
			);
			dependencies = (
				354653BB1C4EFF780049973F /* PBXTargetDependency */,
			);
			name = calculatorUITests;
			productName = calculatorUITests;
			productReference = 354653B91C4EFF780049973F /* calculatorUITests.xctest */;
			productType = "com.apple.product-type.bundle.ui-testing";
		};
/* End PBXNativeTarget section */

/* Begin PBXProject section */
		354653921C4EFF780049973F /* Project object */ = {
			isa = PBXProject;
			attributes = {
				LastSwiftUpdateCheck = 0720;
				LastUpgradeCheck = 0720;
				ORGANIZATIONNAME = traning;
				TargetAttributes = {
					354653991C4EFF780049973F = {
						CreatedOnToolsVersion = 7.2;
					};
					354653AD1C4EFF780049973F = {
						CreatedOnToolsVersion = 7.2;
						TestTargetID = 354653991C4EFF780049973F;
					};
					354653B81C4EFF780049973F = {
						CreatedOnToolsVersion = 7.2;
						TestTargetID = 354653991C4EFF780049973F;
					};
				};
			};
			buildConfigurationList = 354653951C4EFF780049973F /* Build configuration list for PBXProject "calculator" */;
			compatibilityVersion = "Xcode 3.2";
			developmentRegion = English;
			hasScannedForEncodings = 0;
			knownRegions = (
				en,
				Base,
			);
			mainGroup = 354653911C4EFF780049973F;
			productRefGroup = 3546539B1C4EFF780049973F /* Products */;
			projectDirPath = "";
			projectRoot = "";
			targets = (
				354653991C4EFF780049973F /* calculator */,
				354653AD1C4EFF780049973F /* calculatorTests */,
				354653B81C4EFF780049973F /* calculatorUITests */,
			);
		};
/* End PBXProject section */

/* Begin PBXResourcesBuildPhase section */
		354653981C4EFF780049973F /* Resources */ = {
			isa = PBXResourcesBuildPhase;
			buildActionMask = 2147483647;
			files = (
				354653A81C4EFF780049973F /* LaunchScreen.storyboard in Resources */,
				354653A51C4EFF780049973F /* Assets.xcassets in Resources */,
				354653A31C4EFF780049973F /* Main.storyboard in Resources */,
			);
			runOnlyForDeploymentPostprocessing = 0;
		};
		354653AC1C4EFF780049973F /* Resources */ = {
			isa = PBXResourcesBuildPhase;
			buildActionMask = 2147483647;
			files = (
			);
			runOnlyForDeploymentPostprocessing = 0;
		};
		354653B71C4EFF780049973F /* Resources */ = {
			isa = PBXResourcesBuildPhase;
			buildActionMask = 2147483647;
			files = (
			);
			runOnlyForDeploymentPostprocessing = 0;
		};
/* End PBXResourcesBuildPhase section */

/* Begin PBXSourcesBuildPhase section */
		354653961C4EFF780049973F /* Sources */ = {
			isa = PBXSourcesBuildPhase;
			buildActionMask = 2147483647;
			files = (
				354653A01C4EFF780049973F /* ViewController.swift in Sources */,
				3546539E1C4EFF780049973F /* AppDelegate.swift in Sources */,
			);
			runOnlyForDeploymentPostprocessing = 0;
		};
		354653AA1C4EFF780049973F /* Sources */ = {
			isa = PBXSourcesBuildPhase;
			buildActionMask = 2147483647;
			files = (
				354653B31C4EFF780049973F /* calculatorTests.swift in Sources */,
			);
			runOnlyForDeploymentPostprocessing = 0;
		};
		354653B51C4EFF780049973F /* Sources */ = {
			isa = PBXSourcesBuildPhase;
			buildActionMask = 2147483647;
			files = (
				354653BE1C4EFF780049973F /* calculatorUITests.swift in Sources */,
			);
			runOnlyForDeploymentPostprocessing = 0;
		};
/* End PBXSourcesBuildPhase section */

/* Begin PBXTargetDependency section */
		354653B01C4EFF780049973F /* PBXTargetDependency */ = {
			isa = PBXTargetDependency;
			target = 354653991C4EFF780049973F /* calculator */;
			targetProxy = 354653AF1C4EFF780049973F /* PBXContainerItemProxy */;
		};
		354653BB1C4EFF780049973F /* PBXTargetDependency */ = {
			isa = PBXTargetDependency;
			target = 354653991C4EFF780049973F /* calculator */;
			targetProxy = 354653BA1C4EFF780049973F /* PBXContainerItemProxy */;
		};
/* End PBXTargetDependency section */

/* Begin PBXVariantGroup section */
		354653A11C4EFF780049973F /* Main.storyboard */ = {
			isa = PBXVariantGroup;
			children = (
				354653A21C4EFF780049973F /* Base */,
			);
			name = Main.storyboard;
			sourceTree = "<group>";
		};
		354653A61C4EFF780049973F /* LaunchScreen.storyboard */ = {
			isa = PBXVariantGroup;
			children = (
				354653A71C4EFF780049973F /* Base */,
			);
			name = LaunchScreen.storyboard;
			sourceTree = "<group>";
		};
/* End PBXVariantGroup section */

/* Begin XCBuildConfiguration section */
		354653C01C4EFF780049973F /* Debug */ = {
			isa = XCBuildConfiguration;
			buildSettings = {
				ALWAYS_SEARCH_USER_PATHS = NO;
				CLANG_CXX_LANGUAGE_STANDARD = "gnu++0x";
				CLANG_CXX_LIBRARY = "libc++";
				CLANG_ENABLE_MODULES = YES;
				CLANG_ENABLE_OBJC_ARC = YES;
				CLANG_WARN_BOOL_CONVERSION = YES;
				CLANG_WARN_CONSTANT_CONVERSION = YES;
				CLANG_WARN_DIRECT_OBJC_ISA_USAGE = YES_ERROR;
				CLANG_WARN_EMPTY_BODY = YES;
				CLANG_WARN_ENUM_CONVERSION = YES;
				CLANG_WARN_INT_CONVERSION = YES;
				CLANG_WARN_OBJC_ROOT_CLASS = YES_ERROR;
				CLANG_WARN_UNREACHABLE_CODE = YES;
				CLANG_WARN__DUPLICATE_METHOD_MATCH = YES;
				"CODE_SIGN_IDENTITY[sdk=iphoneos*]" = "iPhone Developer";
				COPY_PHASE_STRIP = NO;
				DEBUG_INFORMATION_FORMAT = dwarf;
				ENABLE_STRICT_OBJC_MSGSEND = YES;
				ENABLE_TESTABILITY = YES;
				GCC_C_LANGUAGE_STANDARD = gnu99;
				GCC_DYNAMIC_NO_PIC = NO;
				GCC_NO_COMMON_BLOCKS = YES;
				GCC_OPTIMIZATION_LEVEL = 0;
				GCC_PREPROCESSOR_DEFINITIONS = (
					"DEBUG=1",
					"$(inherited)",
				);
				GCC_WARN_64_TO_32_BIT_CONVERSION = YES;
				GCC_WARN_ABOUT_RETURN_TYPE = YES_ERROR;
				GCC_WARN_UNDECLARED_SELECTOR = YES;
				GCC_WARN_UNINITIALIZED_AUTOS = YES_AGGRESSIVE;
				GCC_WARN_UNUSED_FUNCTION = YES;
				GCC_WARN_UNUSED_VARIABLE = YES;
				IPHONEOS_DEPLOYMENT_TARGET = 9.2;
				MTL_ENABLE_DEBUG_INFO = YES;
				ONLY_ACTIVE_ARCH = YES;
				SDKROOT = iphoneos;
				SWIFT_OPTIMIZATION_LEVEL = "-Onone";
				TARGETED_DEVICE_FAMILY = "1,2";
			};
			name = Debug;
		};
		354653C11C4EFF780049973F /* Release */ = {
			isa = XCBuildConfiguration;
			buildSettings = {
				ALWAYS_SEARCH_USER_PATHS = NO;
				CLANG_CXX_LANGUAGE_STANDARD = "gnu++0x";
				CLANG_CXX_LIBRARY = "libc++";
				CLANG_ENABLE_MODULES = YES;
				CLANG_ENABLE_OBJC_ARC = YES;
				CLANG_WARN_BOOL_CONVERSION = YES;
				CLANG_WARN_CONSTANT_CONVERSION = YES;
				CLANG_WARN_DIRECT_OBJC_ISA_USAGE = YES_ERROR;
				CLANG_WARN_EMPTY_BODY = YES;
				CLANG_WARN_ENUM_CONVERSION = YES;
				CLANG_WARN_INT_CONVERSION = YES;
				CLANG_WARN_OBJC_ROOT_CLASS = YES_ERROR;
				CLANG_WARN_UNREACHABLE_CODE = YES;
				CLANG_WARN__DUPLICATE_METHOD_MATCH = YES;
				"CODE_SIGN_IDENTITY[sdk=iphoneos*]" = "iPhone Developer";
				COPY_PHASE_STRIP = NO;
				DEBUG_INFORMATION_FORMAT = "dwarf-with-dsym";
				ENABLE_NS_ASSERTIONS = NO;
				ENABLE_STRICT_OBJC_MSGSEND = YES;
				GCC_C_LANGUAGE_STANDARD = gnu99;
				GCC_NO_COMMON_BLOCKS = YES;
				GCC_WARN_64_TO_32_BIT_CONVERSION = YES;
				GCC_WARN_ABOUT_RETURN_TYPE = YES_ERROR;
				GCC_WARN_UNDECLARED_SELECTOR = YES;
				GCC_WARN_UNINITIALIZED_AUTOS = YES_AGGRESSIVE;
				GCC_WARN_UNUSED_FUNCTION = YES;
				GCC_WARN_UNUSED_VARIABLE = YES;
				IPHONEOS_DEPLOYMENT_TARGET = 9.2;
				MTL_ENABLE_DEBUG_INFO = NO;
				SDKROOT = iphoneos;
				TARGETED_DEVICE_FAMILY = "1,2";
				VALIDATE_PRODUCT = YES;
			};
			name = Release;
		};
		354653C31C4EFF780049973F /* Debug */ = {
			isa = XCBuildConfiguration;
			buildSettings = {
				ASSETCATALOG_COMPILER_APPICON_NAME = AppIcon;
				INFOPLIST_FILE = calculator/Info.plist;
				LD_RUNPATH_SEARCH_PATHS = "$(inherited) @executable_path/Frameworks";
				PRODUCT_BUNDLE_IDENTIFIER = evluma.calculator;
				PRODUCT_NAME = "$(TARGET_NAME)";
			};
			name = Debug;
		};
		354653C41C4EFF780049973F /* Release */ = {
			isa = XCBuildConfiguration;
			buildSettings = {
				ASSETCATALOG_COMPILER_APPICON_NAME = AppIcon;
				INFOPLIST_FILE = calculator/Info.plist;
				LD_RUNPATH_SEARCH_PATHS = "$(inherited) @executable_path/Frameworks";
				PRODUCT_BUNDLE_IDENTIFIER = evluma.calculator;
				PRODUCT_NAME = "$(TARGET_NAME)";
			};
			name = Release;
		};
		354653C61C4EFF780049973F /* Debug */ = {
			isa = XCBuildConfiguration;
			buildSettings = {
				BUNDLE_LOADER = "$(TEST_HOST)";
				INFOPLIST_FILE = calculatorTests/Info.plist;
				LD_RUNPATH_SEARCH_PATHS = "$(inherited) @executable_path/Frameworks @loader_path/Frameworks";
				PRODUCT_BUNDLE_IDENTIFIER = evluma.calculatorTests;
				PRODUCT_NAME = "$(TARGET_NAME)";
				TEST_HOST = "$(BUILT_PRODUCTS_DIR)/calculator.app/calculator";
			};
			name = Debug;
		};
		354653C71C4EFF780049973F /* Release */ = {
			isa = XCBuildConfiguration;
			buildSettings = {
				BUNDLE_LOADER = "$(TEST_HOST)";
				INFOPLIST_FILE = calculatorTests/Info.plist;
				LD_RUNPATH_SEARCH_PATHS = "$(inherited) @executable_path/Frameworks @loader_path/Frameworks";
				PRODUCT_BUNDLE_IDENTIFIER = evluma.calculatorTests;
				PRODUCT_NAME = "$(TARGET_NAME)";
				TEST_HOST = "$(BUILT_PRODUCTS_DIR)/calculator.app/calculator";
			};
			name = Release;
		};
		354653C91C4EFF780049973F /* Debug */ = {
			isa = XCBuildConfiguration;
			buildSettings = {
				INFOPLIST_FILE = calculatorUITests/Info.plist;
				LD_RUNPATH_SEARCH_PATHS = "$(inherited) @executable_path/Frameworks @loader_path/Frameworks";
				PRODUCT_BUNDLE_IDENTIFIER = evluma.calculatorUITests;
				PRODUCT_NAME = "$(TARGET_NAME)";
				TEST_TARGET_NAME = calculator;
				USES_XCTRUNNER = YES;
			};
			name = Debug;
		};
		354653CA1C4EFF780049973F /* Release */ = {
			isa = XCBuildConfiguration;
			buildSettings = {
				INFOPLIST_FILE = calculatorUITests/Info.plist;
				LD_RUNPATH_SEARCH_PATHS = "$(inherited) @executable_path/Frameworks @loader_path/Frameworks";
				PRODUCT_BUNDLE_IDENTIFIER = evluma.calculatorUITests;
				PRODUCT_NAME = "$(TARGET_NAME)";
				TEST_TARGET_NAME = calculator;
				USES_XCTRUNNER = YES;
			};
			name = Release;
		};
/* End XCBuildConfiguration section */

/* Begin XCConfigurationList section */
		354653951C4EFF780049973F /* Build configuration list for PBXProject "calculator" */ = {
			isa = XCConfigurationList;
			buildConfigurations = (
				354653C01C4EFF780049973F /* Debug */,
				354653C11C4EFF780049973F /* Release */,
			);
			defaultConfigurationIsVisible = 0;
			defaultConfigurationName = Release;
		};
		354653C21C4EFF780049973F /* Build configuration list for PBXNativeTarget "calculator" */ = {
			isa = XCConfigurationList;
			buildConfigurations = (
				354653C31C4EFF780049973F /* Debug */,
				354653C41C4EFF780049973F /* Release */,
			);
			defaultConfigurationIsVisible = 0;
		};
		354653C51C4EFF780049973F /* Build configuration list for PBXNativeTarget "calculatorTests" */ = {
			isa = XCConfigurationList;
			buildConfigurations = (
				354653C61C4EFF780049973F /* Debug */,
				354653C71C4EFF780049973F /* Release */,
			);
			defaultConfigurationIsVisible = 0;
		};
		354653C81C4EFF780049973F /* Build configuration list for PBXNativeTarget "calculatorUITests" */ = {
			isa = XCConfigurationList;
			buildConfigurations = (
				354653C91C4EFF780049973F /* Debug */,
				354653CA1C4EFF780049973F /* Release */,
			);
			defaultConfigurationIsVisible = 0;
		};
/* End XCConfigurationList section */
	};
	rootObject = 354653921C4EFF780049973F /* Project object */;
}
